{
  "version": "5",
  "redirects": {
    "https://esm.sh/@supabase/supabase-js@2": "https://esm.sh/@supabase/supabase-js@2.108.1"
  },
  "remote": {
    "https://esm.sh/@noble/curves@1.4.0/denonext/_shortw_utils.mjs": "7d29ed6c740d12fa565209df34fd084ee26db7679cb8287e377c1a0d9dd64c44",
    "https://esm.sh/@noble/curves@1.4.0/denonext/abstract/curve.mjs": "3c642bf94b5972991af3d13f987f8011b284da9b0edf3a0041dbef379f5418ad",
    "https://esm.sh/@noble/curves@1.4.0/denonext/abstract/hash-to-curve.mjs": "9fcf94e632f012649a39412d433d04ca7354e3b2669f5b0d074bab58e303c668",
    "https://esm.sh/@noble/curves@1.4.0/denonext/abstract/modular.mjs": "add6ca69b40e26f45d2e8fec7f16fa802836c731e89f337d59f38dcbffda01b2",
    "https://esm.sh/@noble/curves@1.4.0/denonext/abstract/utils.mjs": "5aa8f3e4b3c806a4fee8a9c95d17ebb8df02b92e8f68f18517227a67d84b9f67",
    "https://esm.sh/@noble/curves@1.4.0/denonext/abstract/weierstrass.mjs": "8ecce4bb380fd9e55532e84017d40115bf557a5400f9baf6558739682e80bc7f",
    "https://esm.sh/@noble/curves@1.4.0/denonext/p256.mjs": "7ec660a43abf8619962addd674072d478fc49fb13c4d42daa7b313d694d20d17",
    "https://esm.sh/@noble/curves@1.4.0/p256": "5a416aeda11c9e22e22b6de45302fd446fc85f05899231766660553d29502ff3",
    "https://esm.sh/@noble/hashes@1.4.0/denonext/_assert.mjs": "7695fe9689e3799e477b2e5bf8408a142bbfdf7d714d13214f5a5c82e84251e3",
    "https://esm.sh/@noble/hashes@1.4.0/denonext/_md.mjs": "1a4204591ee5255fba4e7c20a38156a522d448111cfb7713558c5266ecc5b3f2",
    "https://esm.sh/@noble/hashes@1.4.0/denonext/crypto.mjs": "fe23c9fadbbbdc205707e045b292d697448c1527874a9654850cb414aaa24d97",
    "https://esm.sh/@noble/hashes@1.4.0/denonext/hmac.mjs": "72cf70bbec2979bc3370e4d0808b54592f8477867d0145ed35394cbcbc0eb080",
    "https://esm.sh/@noble/hashes@1.4.0/denonext/sha256.mjs": "ed8ff11f4c722e50d18c13c7d8695a8927ba45e905af6fa2bd98ae3b0dc926a8",
    "https://esm.sh/@noble/hashes@1.4.0/denonext/utils.mjs": "e77ff6103db0b16440296b74be9a7ab12c96b0572b6fe0a60b8ae92f5b6e9c1b",
    "https://esm.sh/@supabase/supabase-js@2.108.1": "fca0990662d240263b440bc055ea919312c0d27f7ab295e835e1644cf49200ce"
  }
}
